
Microsoft Visual Studio Solution File, Format Version 12.00
# Visual Studio Version 17
VisualStudioVersion = 17.1.32210.238
MinimumVisualStudioVersion = 10.0.40219.1
Project("{FAE04EC0-301F-11D3-BF4B-00C04F79EFBC}") = "1.DAL", "1.DAL\1.DAL.csproj", "{DF33FDC7-8034-4824-945C-F6A1F0B41AB9}"
EndProject
Project("{FAE04EC0-301F-11D3-BF4B-00C04F79EFBC}") = "2.BUS", "2.BUS\2.BUS.csproj", "{005D4178-AB20-4BC0-AE31-3F365380ADEA}"
EndProject
Project("{FAE04EC0-301F-11D3-BF4B-00C04F79EFBC}") = "3.PL", "3.PL\3.PL.csproj", "{5B1E5B8A-3A92-4950-8417-61DBA2C2D919}"
EndProject
Global
	GlobalSection(SolutionConfigurationPlatforms) = preSolution
		Debug|Any CPU = Debug|Any CPU
		Release|Any CPU = Release|Any CPU
	EndGlobalSection
	GlobalSection(ProjectConfigurationPlatforms) = postSolution
		{DF33FDC7-8034-4824-945C-F6A1F0B41AB9}.Debug|Any CPU.ActiveCfg = Debug|Any CPU
		{DF33FDC7-8034-4824-945C-F6A1F0B41AB9}.Debug|Any CPU.Build.0 = Debug|Any CPU
		{DF33FDC7-8034-4824-945C-F6A1F0B41AB9}.Release|Any CPU.ActiveCfg = Release|Any CPU
		{DF33FDC7-8034-4824-945C-F6A1F0B41AB9}.Release|Any CPU.Build.0 = Release|Any CPU
		{005D4178-AB20-4BC0-AE31-3F365380ADEA}.Debug|Any CPU.ActiveCfg = Debug|Any CPU
		{005D4178-AB20-4BC0-AE31-3F365380ADEA}.Debug|Any CPU.Build.0 = Debug|Any CPU
		{005D4178-AB20-4BC0-AE31-3F365380ADEA}.Release|Any CPU.ActiveCfg = Release|Any CPU
		{005D4178-AB20-4BC0-AE31-3F365380ADEA}.Release|Any CPU.Build.0 = Release|Any CPU
		{5B1E5B8A-3A92-4950-8417-61DBA2C2D919}.Debug|Any CPU.ActiveCfg = Debug|Any CPU
		{5B1E5B8A-3A92-4950-8417-61DBA2C2D919}.Debug|Any CPU.Build.0 = Debug|Any CPU
		{5B1E5B8A-3A92-4950-8417-61DBA2C2D919}.Release|Any CPU.ActiveCfg = Release|Any CPU
		{5B1E5B8A-3A92-4950-8417-61DBA2C2D919}.Release|Any CPU.Build.0 = Release|Any CPU
	EndGlobalSection
	GlobalSection(SolutionProperties) = preSolution
		HideSolutionNode = FALSE
	EndGlobalSection
	GlobalSection(ExtensibilityGlobals) = postSolution
		SolutionGuid = {B170F7C0-BD38-4262-8D6F-2A0303D82AF0}
	EndGlobalSection
EndGlobal
